<Solution>
  <Configurations>
    <Platform Name="x64" />
    <Platform Name="x86" />
  </Configurations>
  <Project Path="../Image Tagger/Image Tagger.vcxproj" Id="ca699e10-25c6-4076-81bc-de8f0a6aa1b1" />
  <Project Path="Hello GitHub.vcxproj" Id="dcb03e56-c0fa-41a1-b360-7991d192e04f" />
</Solution>
